// !$*UTF8*$!
{
	archiveVersion = 1;
	classes = {
	};
	objectVersion = 56;
	objects = {

/* Begin PBXBuildFile section */
		0B82DF8F2A1AA54400EA386E /* AppDelegate.swift in Sources */ = {isa = PBXBuildFile; fileRef = 0B82DF8E2A1AA54400EA386E /* AppDelegate.swift */; };
		0B82DF912A1AA54400EA386E /* SceneDelegate.swift in Sources */ = {isa = PBXBuildFile; fileRef = 0B82DF902A1AA54400EA386E /* SceneDelegate.swift */; };
		0B82DF932A1AA54400EA386E /* ViewController.swift in Sources */ = {isa = PBXBuildFile; fileRef = 0B82DF922A1AA54400EA386E /* ViewController.swift */; };
		0B82DF982A1AA54500EA386E /* Assets.xcassets in Resources */ = {isa = PBXBuildFile; fileRef = 0B82DF972A1AA54500EA386E /* Assets.xcassets */; };
		0B82DF9B2A1AA54500EA386E /* LaunchScreen.storyboard in Resources */ = {isa = PBXBuildFile; fileRef = 0B82DF992A1AA54500EA386E /* LaunchScreen.storyboard */; };
		0B82DFA62A1AA54500EA386E /* TestProjTests.swift in Sources */ = {isa = PBXBuildFile; fileRef = 0B82DFA52A1AA54500EA386E /* TestProjTests.swift */; };
		0B82DFB02A1AA54500EA386E /* TestProjUITests.swift in Sources */ = {isa = PBXBuildFile; fileRef = 0B82DFAF2A1AA54500EA386E /* TestProjUITests.swift */; };
		0B82DFB22A1AA54500EA386E /* TestProjUITestsLaunchTests.swift in Sources */ = {isa = PBXBuildFile; fileRef = 0B82DFB12A1AA54500EA386E /* TestProjUITestsLaunchTests.swift */; };
		0B82DFBF2A1AA69D00EA386E /* ItemsViewModel.swift in Sources */ = {isa = PBXBuildFile; fileRef = 0B82DFBE2A1AA69D00EA386E /* ItemsViewModel.swift */; };
		0B82DFC12A1AA6B000EA386E /* ItemsViewService.swift in Sources */ = {isa = PBXBuildFile; fileRef = 0B82DFC02A1AA6B000EA386E /* ItemsViewService.swift */; };
		0B82DFC32A1AA73800EA386E /* ItemsFactory.swift in Sources */ = {isa = PBXBuildFile; fileRef = 0B82DFC22A1AA73800EA386E /* ItemsFactory.swift */; };
		0B82DFC52A1AA7E300EA386E /* NetworkClient.swift in Sources */ = {isa = PBXBuildFile; fileRef = 0B82DFC42A1AA7E300EA386E /* NetworkClient.swift */; };
		0B82DFC72A1AA81200EA386E /* URLRepository.swift in Sources */ = {isa = PBXBuildFile; fileRef = 0B82DFC62A1AA81200EA386E /* URLRepository.swift */; };
		0B82DFC92A1AA9B100EA386E /* ItemsModel.swift in Sources */ = {isa = PBXBuildFile; fileRef = 0B82DFC82A1AA9B100EA386E /* ItemsModel.swift */; };
		0B82DFCB2A1B610500EA386E /* ItemsViewCell.swift in Sources */ = {isa = PBXBuildFile; fileRef = 0B82DFCA2A1B610500EA386E /* ItemsViewCell.swift */; };
		0B82DFCD2A1B635A00EA386E /* ItemsSection.swift in Sources */ = {isa = PBXBuildFile; fileRef = 0B82DFCC2A1B635A00EA386E /* ItemsSection.swift */; };
		0B82DFD72A1B72D900EA386E /* DetailViewController.swift in Sources */ = {isa = PBXBuildFile; fileRef = 0B82DFD62A1B72D900EA386E /* DetailViewController.swift */; };
		0B82DFD92A1B755400EA386E /* DetailViewData.swift in Sources */ = {isa = PBXBuildFile; fileRef = 0B82DFD82A1B755400EA386E /* DetailViewData.swift */; };
		0B82DFDC2A1C05A200EA386E /* MockItemsService.swift in Sources */ = {isa = PBXBuildFile; fileRef = 0B82DFDB2A1C05A200EA386E /* MockItemsService.swift */; };
/* End PBXBuildFile section */

/* Begin PBXContainerItemProxy section */
		0B82DFA22A1AA54500EA386E /* PBXContainerItemProxy */ = {
			isa = PBXContainerItemProxy;
			containerPortal = 0B82DF832A1AA54400EA386E /* Project object */;
			proxyType = 1;
			remoteGlobalIDString = 0B82DF8A2A1AA54400EA386E;
			remoteInfo = TestProj;
		};
		0B82DFAC2A1AA54500EA386E /* PBXContainerItemProxy */ = {
			isa = PBXContainerItemProxy;
			containerPortal = 0B82DF832A1AA54400EA386E /* Project object */;
			proxyType = 1;
			remoteGlobalIDString = 0B82DF8A2A1AA54400EA386E;
			remoteInfo = TestProj;
		};
/* End PBXContainerItemProxy section */

/* Begin PBXFileReference section */
		0B82DF8B2A1AA54400EA386E /* TestProj.app */ = {isa = PBXFileReference; explicitFileType = wrapper.application; includeInIndex = 0; path = TestProj.app; sourceTree = BUILT_PRODUCTS_DIR; };
		0B82DF8E2A1AA54400EA386E /* AppDelegate.swift */ = {isa = PBXFileReference; lastKnownFileType = sourcecode.swift; path = AppDelegate.swift; sourceTree = "<group>"; };
		0B82DF902A1AA54400EA386E /* SceneDelegate.swift */ = {isa = PBXFileReference; lastKnownFileType = sourcecode.swift; path = SceneDelegate.swift; sourceTree = "<group>"; };
		0B82DF922A1AA54400EA386E /* ViewController.swift */ = {isa = PBXFileReference; lastKnownFileType = sourcecode.swift; path = ViewController.swift; sourceTree = "<group>"; };
		0B82DF972A1AA54500EA386E /* Assets.xcassets */ = {isa = PBXFileReference; lastKnownFileType = folder.assetcatalog; path = Assets.xcassets; sourceTree = "<group>"; };
		0B82DF9A2A1AA54500EA386E /* Base */ = {isa = PBXFileReference; lastKnownFileType = file.storyboard; name = Base; path = Base.lproj/LaunchScreen.storyboard; sourceTree = "<group>"; };
		0B82DF9C2A1AA54500EA386E /* Info.plist */ = {isa = PBXFileReference; lastKnownFileType = text.plist.xml; path = Info.plist; sourceTree = "<group>"; };
		0B82DFA12A1AA54500EA386E /* TestProjTests.xctest */ = {isa = PBXFileReference; explicitFileType = wrapper.cfbundle; includeInIndex = 0; path = TestProjTests.xctest; sourceTree = BUILT_PRODUCTS_DIR; };
		0B82DFA52A1AA54500EA386E /* TestProjTests.swift */ = {isa = PBXFileReference; lastKnownFileType = sourcecode.swift; path = TestProjTests.swift; sourceTree = "<group>"; };
		0B82DFAB2A1AA54500EA386E /* TestProjUITests.xctest */ = {isa = PBXFileReference; explicitFileType = wrapper.cfbundle; includeInIndex = 0; path = TestProjUITests.xctest; sourceTree = BUILT_PRODUCTS_DIR; };
		0B82DFAF2A1AA54500EA386E /* TestProjUITests.swift */ = {isa = PBXFileReference; lastKnownFileType = sourcecode.swift; path = TestProjUITests.swift; sourceTree = "<group>"; };
		0B82DFB12A1AA54500EA386E /* TestProjUITestsLaunchTests.swift */ = {isa = PBXFileReference; lastKnownFileType = sourcecode.swift; path = TestProjUITestsLaunchTests.swift; sourceTree = "<group>"; };
		0B82DFBE2A1AA69D00EA386E /* ItemsViewModel.swift */ = {isa = PBXFileReference; lastKnownFileType = sourcecode.swift; path = ItemsViewModel.swift; sourceTree = "<group>"; };
		0B82DFC02A1AA6B000EA386E /* ItemsViewService.swift */ = {isa = PBXFileReference; lastKnownFileType = sourcecode.swift; path = ItemsViewService.swift; sourceTree = "<group>"; };
		0B82DFC22A1AA73800EA386E /* ItemsFactory.swift */ = {isa = PBXFileReference; lastKnownFileType = sourcecode.swift; path = ItemsFactory.swift; sourceTree = "<group>"; };
		0B82DFC42A1AA7E300EA386E /* NetworkClient.swift */ = {isa = PBXFileReference; lastKnownFileType = sourcecode.swift; path = NetworkClient.swift; sourceTree = "<group>"; };
		0B82DFC62A1AA81200EA386E /* URLRepository.swift */ = {isa = PBXFileReference; lastKnownFileType = sourcecode.swift; path = URLRepository.swift; sourceTree = "<group>"; };
		0B82DFC82A1AA9B100EA386E /* ItemsModel.swift */ = {isa = PBXFileReference; lastKnownFileType = sourcecode.swift; path = ItemsModel.swift; sourceTree = "<group>"; };
		0B82DFCA2A1B610500EA386E /* ItemsViewCell.swift */ = {isa = PBXFileReference; lastKnownFileType = sourcecode.swift; path = ItemsViewCell.swift; sourceTree = "<group>"; };
		0B82DFCC2A1B635A00EA386E /* ItemsSection.swift */ = {isa = PBXFileReference; lastKnownFileType = sourcecode.swift; path = ItemsSection.swift; sourceTree = "<group>"; };
		0B82DFD62A1B72D900EA386E /* DetailViewController.swift */ = {isa = PBXFileReference; lastKnownFileType = sourcecode.swift; path = DetailViewController.swift; sourceTree = "<group>"; };
		0B82DFD82A1B755400EA386E /* DetailViewData.swift */ = {isa = PBXFileReference; lastKnownFileType = sourcecode.swift; path = DetailViewData.swift; sourceTree = "<group>"; };
		0B82DFDB2A1C05A200EA386E /* MockItemsService.swift */ = {isa = PBXFileReference; lastKnownFileType = sourcecode.swift; path = MockItemsService.swift; sourceTree = "<group>"; };
/* End PBXFileReference section */

/* Begin PBXFrameworksBuildPhase section */
		0B82DF882A1AA54400EA386E /* Frameworks */ = {
			isa = PBXFrameworksBuildPhase;
			buildActionMask = 2147483647;
			files = (
			);
			runOnlyForDeploymentPostprocessing = 0;
		};
		0B82DF9E2A1AA54500EA386E /* Frameworks */ = {
			isa = PBXFrameworksBuildPhase;
			buildActionMask = 2147483647;
			files = (
			);
			runOnlyForDeploymentPostprocessing = 0;
		};
		0B82DFA82A1AA54500EA386E /* Frameworks */ = {
			isa = PBXFrameworksBuildPhase;
			buildActionMask = 2147483647;
			files = (
			);
			runOnlyForDeploymentPostprocessing = 0;
		};
/* End PBXFrameworksBuildPhase section */

/* Begin PBXGroup section */
		0B82DF822A1AA54400EA386E = {
			isa = PBXGroup;
			children = (
				0B82DF8D2A1AA54400EA386E /* TestProj */,
				0B82DFA42A1AA54500EA386E /* TestProjTests */,
				0B82DFAE2A1AA54500EA386E /* TestProjUITests */,
				0B82DF8C2A1AA54400EA386E /* Products */,
			);
			sourceTree = "<group>";
		};
		0B82DF8C2A1AA54400EA386E /* Products */ = {
			isa = PBXGroup;
			children = (
				0B82DF8B2A1AA54400EA386E /* TestProj.app */,
				0B82DFA12A1AA54500EA386E /* TestProjTests.xctest */,
				0B82DFAB2A1AA54500EA386E /* TestProjUITests.xctest */,
			);
			name = Products;
			sourceTree = "<group>";
		};
		0B82DF8D2A1AA54400EA386E /* TestProj */ = {
			isa = PBXGroup;
			children = (
				0B82DFCE2A1B723B00EA386E /* Sources */,
				0B82DF8E2A1AA54400EA386E /* AppDelegate.swift */,
				0B82DF902A1AA54400EA386E /* SceneDelegate.swift */,
				0B82DF972A1AA54500EA386E /* Assets.xcassets */,
				0B82DF992A1AA54500EA386E /* LaunchScreen.storyboard */,
				0B82DF9C2A1AA54500EA386E /* Info.plist */,
			);
			path = TestProj;
			sourceTree = "<group>";
		};
		0B82DFA42A1AA54500EA386E /* TestProjTests */ = {
			isa = PBXGroup;
			children = (
				0B82DFDA2A1C059200EA386E /* Mocks */,
				0B82DFA52A1AA54500EA386E /* TestProjTests.swift */,
			);
			path = TestProjTests;
			sourceTree = "<group>";
		};
		0B82DFAE2A1AA54500EA386E /* TestProjUITests */ = {
			isa = PBXGroup;
			children = (
				0B82DFAF2A1AA54500EA386E /* TestProjUITests.swift */,
				0B82DFB12A1AA54500EA386E /* TestProjUITestsLaunchTests.swift */,
			);
			path = TestProjUITests;
			sourceTree = "<group>";
		};
		0B82DFCE2A1B723B00EA386E /* Sources */ = {
			isa = PBXGroup;
			children = (
				0B82DFD42A1B72A600EA386E /* Networking */,
				0B82DFCF2A1B725300EA386E /* Features */,
			);
			path = Sources;
			sourceTree = "<group>";
		};
		0B82DFCF2A1B725300EA386E /* Features */ = {
			isa = PBXGroup;
			children = (
				0B82DFD52A1B72CF00EA386E /* Detail */,
				0B82DFD02A1B725C00EA386E /* Home */,
			);
			path = Features;
			sourceTree = "<group>";
		};
		0B82DFD02A1B725C00EA386E /* Home */ = {
			isa = PBXGroup;
			children = (
				0B82DF922A1AA54400EA386E /* ViewController.swift */,
				0B82DFBE2A1AA69D00EA386E /* ItemsViewModel.swift */,
				0B82DFCC2A1B635A00EA386E /* ItemsSection.swift */,
				0B82DFC82A1AA9B100EA386E /* ItemsModel.swift */,
				0B82DFCA2A1B610500EA386E /* ItemsViewCell.swift */,
				0B82DFC02A1AA6B000EA386E /* ItemsViewService.swift */,
				0B82DFC22A1AA73800EA386E /* ItemsFactory.swift */,
			);
			path = Home;
			sourceTree = "<group>";
		};
		0B82DFD42A1B72A600EA386E /* Networking */ = {
			isa = PBXGroup;
			children = (
				0B82DFC62A1AA81200EA386E /* URLRepository.swift */,
				0B82DFC42A1AA7E300EA386E /* NetworkClient.swift */,
			);
			path = Networking;
			sourceTree = "<group>";
		};
		0B82DFD52A1B72CF00EA386E /* Detail */ = {
			isa = PBXGroup;
			children = (
				0B82DFD62A1B72D900EA386E /* DetailViewController.swift */,
				0B82DFD82A1B755400EA386E /* DetailViewData.swift */,
			);
			path = Detail;
			sourceTree = "<group>";
		};
		0B82DFDA2A1C059200EA386E /* Mocks */ = {
			isa = PBXGroup;
			children = (
				0B82DFDB2A1C05A200EA386E /* MockItemsService.swift */,
			);
			path = Mocks;
			sourceTree = "<group>";
		};
/* End PBXGroup section */

/* Begin PBXNativeTarget section */
		0B82DF8A2A1AA54400EA386E /* TestProj */ = {
			isa = PBXNativeTarget;
			buildConfigurationList = 0B82DFB52A1AA54500EA386E /* Build configuration list for PBXNativeTarget "TestProj" */;
			buildPhases = (
				0B82DF872A1AA54400EA386E /* Sources */,
				0B82DF882A1AA54400EA386E /* Frameworks */,
				0B82DF892A1AA54400EA386E /* Resources */,
			);
			buildRules = (
			);
			dependencies = (
			);
			name = TestProj;
			productName = TestProj;
			productReference = 0B82DF8B2A1AA54400EA386E /* TestProj.app */;
			productType = "com.apple.product-type.application";
		};
		0B82DFA02A1AA54500EA386E /* TestProjTests */ = {
			isa = PBXNativeTarget;
			buildConfigurationList = 0B82DFB82A1AA54500EA386E /* Build configuration list for PBXNativeTarget "TestProjTests" */;
			buildPhases = (
				0B82DF9D2A1AA54500EA386E /* Sources */,
				0B82DF9E2A1AA54500EA386E /* Frameworks */,
				0B82DF9F2A1AA54500EA386E /* Resources */,
			);
			buildRules = (
			);
			dependencies = (
				0B82DFA32A1AA54500EA386E /* PBXTargetDependency */,
			);
			name = TestProjTests;
			productName = TestProjTests;
			productReference = 0B82DFA12A1AA54500EA386E /* TestProjTests.xctest */;
			productType = "com.apple.product-type.bundle.unit-test";
		};
		0B82DFAA2A1AA54500EA386E /* TestProjUITests */ = {
			isa = PBXNativeTarget;
			buildConfigurationList = 0B82DFBB2A1AA54500EA386E /* Build configuration list for PBXNativeTarget "TestProjUITests" */;
			buildPhases = (
				0B82DFA72A1AA54500EA386E /* Sources */,
				0B82DFA82A1AA54500EA386E /* Frameworks */,
				0B82DFA92A1AA54500EA386E /* Resources */,
			);
			buildRules = (
			);
			dependencies = (
				0B82DFAD2A1AA54500EA386E /* PBXTargetDependency */,
			);
			name = TestProjUITests;
			productName = TestProjUITests;
			productReference = 0B82DFAB2A1AA54500EA386E /* TestProjUITests.xctest */;
			productType = "com.apple.product-type.bundle.ui-testing";
		};
/* End PBXNativeTarget section */

/* Begin PBXProject section */
		0B82DF832A1AA54400EA386E /* Project object */ = {
			isa = PBXProject;
			attributes = {
				BuildIndependentTargetsInParallel = 1;
				LastSwiftUpdateCheck = 1400;
				LastUpgradeCheck = 1400;
				TargetAttributes = {
					0B82DF8A2A1AA54400EA386E = {
						CreatedOnToolsVersion = 14.0;
					};
					0B82DFA02A1AA54500EA386E = {
						CreatedOnToolsVersion = 14.0;
						TestTargetID = 0B82DF8A2A1AA54400EA386E;
					};
					0B82DFAA2A1AA54500EA386E = {
						CreatedOnToolsVersion = 14.0;
						TestTargetID = 0B82DF8A2A1AA54400EA386E;
					};
				};
			};
			buildConfigurationList = 0B82DF862A1AA54400EA386E /* Build configuration list for PBXProject "TestProj" */;
			compatibilityVersion = "Xcode 14.0";
			developmentRegion = en;
			hasScannedForEncodings = 0;
			knownRegions = (
				en,
				Base,
			);
			mainGroup = 0B82DF822A1AA54400EA386E;
			productRefGroup = 0B82DF8C2A1AA54400EA386E /* Products */;
			projectDirPath = "";
			projectRoot = "";
			targets = (
				0B82DF8A2A1AA54400EA386E /* TestProj */,
				0B82DFA02A1AA54500EA386E /* TestProjTests */,
				0B82DFAA2A1AA54500EA386E /* TestProjUITests */,
			);
		};
/* End PBXProject section */

/* Begin PBXResourcesBuildPhase section */
		0B82DF892A1AA54400EA386E /* Resources */ = {
			isa = PBXResourcesBuildPhase;
			buildActionMask = 2147483647;
			files = (
				0B82DF9B2A1AA54500EA386E /* LaunchScreen.storyboard in Resources */,
				0B82DF982A1AA54500EA386E /* Assets.xcassets in Resources */,
			);
			runOnlyForDeploymentPostprocessing = 0;
		};
		0B82DF9F2A1AA54500EA386E /* Resources */ = {
			isa = PBXResourcesBuildPhase;
			buildActionMask = 2147483647;
			files = (
			);
			runOnlyForDeploymentPostprocessing = 0;
		};
		0B82DFA92A1AA54500EA386E /* Resources */ = {
			isa = PBXResourcesBuildPhase;
			buildActionMask = 2147483647;
			files = (
			);
			runOnlyForDeploymentPostprocessing = 0;
		};
/* End PBXResourcesBuildPhase section */

/* Begin PBXSourcesBuildPhase section */
		0B82DF872A1AA54400EA386E /* Sources */ = {
			isa = PBXSourcesBuildPhase;
			buildActionMask = 2147483647;
			files = (
				0B82DFD72A1B72D900EA386E /* DetailViewController.swift in Sources */,
				0B82DFC12A1AA6B000EA386E /* ItemsViewService.swift in Sources */,
				0B82DFCB2A1B610500EA386E /* ItemsViewCell.swift in Sources */,
				0B82DFC72A1AA81200EA386E /* URLRepository.swift in Sources */,
				0B82DFC32A1AA73800EA386E /* ItemsFactory.swift in Sources */,
				0B82DF932A1AA54400EA386E /* ViewController.swift in Sources */,
				0B82DFD92A1B755400EA386E /* DetailViewData.swift in Sources */,
				0B82DFCD2A1B635A00EA386E /* ItemsSection.swift in Sources */,
				0B82DFBF2A1AA69D00EA386E /* ItemsViewModel.swift in Sources */,
				0B82DF8F2A1AA54400EA386E /* AppDelegate.swift in Sources */,
				0B82DF912A1AA54400EA386E /* SceneDelegate.swift in Sources */,
				0B82DFC92A1AA9B100EA386E /* ItemsModel.swift in Sources */,
				0B82DFC52A1AA7E300EA386E /* NetworkClient.swift in Sources */,
			);
			runOnlyForDeploymentPostprocessing = 0;
		};
		0B82DF9D2A1AA54500EA386E /* Sources */ = {
			isa = PBXSourcesBuildPhase;
			buildActionMask = 2147483647;
			files = (
				0B82DFDC2A1C05A200EA386E /* MockItemsService.swift in Sources */,
				0B82DFA62A1AA54500EA386E /* TestProjTests.swift in Sources */,
			);
			runOnlyForDeploymentPostprocessing = 0;
		};
		0B82DFA72A1AA54500EA386E /* Sources */ = {
			isa = PBXSourcesBuildPhase;
			buildActionMask = 2147483647;
			files = (
				0B82DFB22A1AA54500EA386E /* TestProjUITestsLaunchTests.swift in Sources */,
				0B82DFB02A1AA54500EA386E /* TestProjUITests.swift in Sources */,
			);
			runOnlyForDeploymentPostprocessing = 0;
		};
/* End PBXSourcesBuildPhase section */

/* Begin PBXTargetDependency section */
		0B82DFA32A1AA54500EA386E /* PBXTargetDependency */ = {
			isa = PBXTargetDependency;
			target = 0B82DF8A2A1AA54400EA386E /* TestProj */;
			targetProxy = 0B82DFA22A1AA54500EA386E /* PBXContainerItemProxy */;
		};
		0B82DFAD2A1AA54500EA386E /* PBXTargetDependency */ = {
			isa = PBXTargetDependency;
			target = 0B82DF8A2A1AA54400EA386E /* TestProj */;
			targetProxy = 0B82DFAC2A1AA54500EA386E /* PBXContainerItemProxy */;
		};
/* End PBXTargetDependency section */

/* Begin PBXVariantGroup section */
		0B82DF992A1AA54500EA386E /* LaunchScreen.storyboard */ = {
			isa = PBXVariantGroup;
			children = (
				0B82DF9A2A1AA54500EA386E /* Base */,
			);
			name = LaunchScreen.storyboard;
			sourceTree = "<group>";
		};
/* End PBXVariantGroup section */

/* Begin XCBuildConfiguration section */
		0B82DFB32A1AA54500EA386E /* Debug */ = {
			isa = XCBuildConfiguration;
			buildSettings = {
				ALWAYS_SEARCH_USER_PATHS = NO;
				CLANG_ANALYZER_NONNULL = YES;
				CLANG_ANALYZER_NUMBER_OBJECT_CONVERSION = YES_AGGRESSIVE;
				CLANG_CXX_LANGUAGE_STANDARD = "gnu++20";
				CLANG_ENABLE_MODULES = YES;
				CLANG_ENABLE_OBJC_ARC = YES;
				CLANG_ENABLE_OBJC_WEAK = YES;
				CLANG_WARN_BLOCK_CAPTURE_AUTORELEASING = YES;
				CLANG_WARN_BOOL_CONVERSION = YES;
				CLANG_WARN_COMMA = YES;
				CLANG_WARN_CONSTANT_CONVERSION = YES;
				CLANG_WARN_DEPRECATED_OBJC_IMPLEMENTATIONS = YES;
				CLANG_WARN_DIRECT_OBJC_ISA_USAGE = YES_ERROR;
				CLANG_WARN_DOCUMENTATION_COMMENTS = YES;
				CLANG_WARN_EMPTY_BODY = YES;
				CLANG_WARN_ENUM_CONVERSION = YES;
				CLANG_WARN_INFINITE_RECURSION = YES;
				CLANG_WARN_INT_CONVERSION = YES;
				CLANG_WARN_NON_LITERAL_NULL_CONVERSION = YES;
				CLANG_WARN_OBJC_IMPLICIT_RETAIN_SELF = YES;
				CLANG_WARN_OBJC_LITERAL_CONVERSION = YES;
				CLANG_WARN_OBJC_ROOT_CLASS = YES_ERROR;
				CLANG_WARN_QUOTED_INCLUDE_IN_FRAMEWORK_HEADER = YES;
				CLANG_WARN_RANGE_LOOP_ANALYSIS = YES;
				CLANG_WARN_STRICT_PROTOTYPES = YES;
				CLANG_WARN_SUSPICIOUS_MOVE = YES;
				CLANG_WARN_UNGUARDED_AVAILABILITY = YES_AGGRESSIVE;
				CLANG_WARN_UNREACHABLE_CODE = YES;
				CLANG_WARN__DUPLICATE_METHOD_MATCH = YES;
				COPY_PHASE_STRIP = NO;
				DEBUG_INFORMATION_FORMAT = dwarf;
				ENABLE_STRICT_OBJC_MSGSEND = YES;
				ENABLE_TESTABILITY = YES;
				GCC_C_LANGUAGE_STANDARD = gnu11;
				GCC_DYNAMIC_NO_PIC = NO;
				GCC_NO_COMMON_BLOCKS = YES;
				GCC_OPTIMIZATION_LEVEL = 0;
				GCC_PREPROCESSOR_DEFINITIONS = (
					"DEBUG=1",
					"$(inherited)",
				);
				GCC_WARN_64_TO_32_BIT_CONVERSION = YES;
				GCC_WARN_ABOUT_RETURN_TYPE = YES_ERROR;
				GCC_WARN_UNDECLARED_SELECTOR = YES;
				GCC_WARN_UNINITIALIZED_AUTOS = YES_AGGRESSIVE;
				GCC_WARN_UNUSED_FUNCTION = YES;
				GCC_WARN_UNUSED_VARIABLE = YES;
				IPHONEOS_DEPLOYMENT_TARGET = 16.0;
				MTL_ENABLE_DEBUG_INFO = INCLUDE_SOURCE;
				MTL_FAST_MATH = YES;
				ONLY_ACTIVE_ARCH = YES;
				SDKROOT = iphoneos;
				SWIFT_ACTIVE_COMPILATION_CONDITIONS = DEBUG;
				SWIFT_OPTIMIZATION_LEVEL = "-Onone";
			};
			name = Debug;
		};
		0B82DFB42A1AA54500EA386E /* Release */ = {
			isa = XCBuildConfiguration;
			buildSettings = {
				ALWAYS_SEARCH_USER_PATHS = NO;
				CLANG_ANALYZER_NONNULL = YES;
				CLANG_ANALYZER_NUMBER_OBJECT_CONVERSION = YES_AGGRESSIVE;
				CLANG_CXX_LANGUAGE_STANDARD = "gnu++20";
				CLANG_ENABLE_MODULES = YES;
				CLANG_ENABLE_OBJC_ARC = YES;
				CLANG_ENABLE_OBJC_WEAK = YES;
				CLANG_WARN_BLOCK_CAPTURE_AUTORELEASING = YES;
				CLANG_WARN_BOOL_CONVERSION = YES;
				CLANG_WARN_COMMA = YES;
				CLANG_WARN_CONSTANT_CONVERSION = YES;
				CLANG_WARN_DEPRECATED_OBJC_IMPLEMENTATIONS = YES;
				CLANG_WARN_DIRECT_OBJC_ISA_USAGE = YES_ERROR;
				CLANG_WARN_DOCUMENTATION_COMMENTS = YES;
				CLANG_WARN_EMPTY_BODY = YES;
				CLANG_WARN_ENUM_CONVERSION = YES;
				CLANG_WARN_INFINITE_RECURSION = YES;
				CLANG_WARN_INT_CONVERSION = YES;
				CLANG_WARN_NON_LITERAL_NULL_CONVERSION = YES;
				CLANG_WARN_OBJC_IMPLICIT_RETAIN_SELF = YES;
				CLANG_WARN_OBJC_LITERAL_CONVERSION = YES;
				CLANG_WARN_OBJC_ROOT_CLASS = YES_ERROR;
				CLANG_WARN_QUOTED_INCLUDE_IN_FRAMEWORK_HEADER = YES;
				CLANG_WARN_RANGE_LOOP_ANALYSIS = YES;
				CLANG_WARN_STRICT_PROTOTYPES = YES;
				CLANG_WARN_SUSPICIOUS_MOVE = YES;
				CLANG_WARN_UNGUARDED_AVAILABILITY = YES_AGGRESSIVE;
				CLANG_WARN_UNREACHABLE_CODE = YES;
				CLANG_WARN__DUPLICATE_METHOD_MATCH = YES;
				COPY_PHASE_STRIP = NO;
				DEBUG_INFORMATION_FORMAT = "dwarf-with-dsym";
				ENABLE_NS_ASSERTIONS = NO;
				ENABLE_STRICT_OBJC_MSGSEND = YES;
				GCC_C_LANGUAGE_STANDARD = gnu11;
				GCC_NO_COMMON_BLOCKS = YES;
				GCC_WARN_64_TO_32_BIT_CONVERSION = YES;
				GCC_WARN_ABOUT_RETURN_TYPE = YES_ERROR;
				GCC_WARN_UNDECLARED_SELECTOR = YES;
				GCC_WARN_UNINITIALIZED_AUTOS = YES_AGGRESSIVE;
				GCC_WARN_UNUSED_FUNCTION = YES;
				GCC_WARN_UNUSED_VARIABLE = YES;
				IPHONEOS_DEPLOYMENT_TARGET = 16.0;
				MTL_ENABLE_DEBUG_INFO = NO;
				MTL_FAST_MATH = YES;
				SDKROOT = iphoneos;
				SWIFT_COMPILATION_MODE = wholemodule;
				SWIFT_OPTIMIZATION_LEVEL = "-O";
				VALIDATE_PRODUCT = YES;
			};
			name = Release;
		};
		0B82DFB62A1AA54500EA386E /* Debug */ = {
			isa = XCBuildConfiguration;
			buildSettings = {
				ASSETCATALOG_COMPILER_APPICON_NAME = AppIcon;
				ASSETCATALOG_COMPILER_GLOBAL_ACCENT_COLOR_NAME = AccentColor;
				CODE_SIGN_STYLE = Automatic;
				CURRENT_PROJECT_VERSION = 1;
				GENERATE_INFOPLIST_FILE = YES;
				INFOPLIST_FILE = TestProj/Info.plist;
				INFOPLIST_KEY_UIApplicationSupportsIndirectInputEvents = YES;
				INFOPLIST_KEY_UILaunchStoryboardName = LaunchScreen;
				INFOPLIST_KEY_UIMainStoryboardFile = "";
				INFOPLIST_KEY_UISupportedInterfaceOrientations = UIInterfaceOrientationPortrait;
				INFOPLIST_KEY_UISupportedInterfaceOrientations_iPad = "UIInterfaceOrientationLandscapeLeft UIInterfaceOrientationLandscapeRight UIInterfaceOrientationPortrait UIInterfaceOrientationPortraitUpsideDown";
				LD_RUNPATH_SEARCH_PATHS = (
					"$(inherited)",
					"@executable_path/Frameworks",
				);
				MARKETING_VERSION = 1.0;
				PRODUCT_BUNDLE_IDENTIFIER = testProj.TestProj;
				PRODUCT_NAME = "$(TARGET_NAME)";
				SWIFT_EMIT_LOC_STRINGS = YES;
				SWIFT_VERSION = 5.0;
				TARGETED_DEVICE_FAMILY = "1,2";
			};
			name = Debug;
		};
		0B82DFB72A1AA54500EA386E /* Release */ = {
			isa = XCBuildConfiguration;
			buildSettings = {
				ASSETCATALOG_COMPILER_APPICON_NAME = AppIcon;
				ASSETCATALOG_COMPILER_GLOBAL_ACCENT_COLOR_NAME = AccentColor;
				CODE_SIGN_STYLE = Automatic;
				CURRENT_PROJECT_VERSION = 1;
				GENERATE_INFOPLIST_FILE = YES;
				INFOPLIST_FILE = TestProj/Info.plist;
				INFOPLIST_KEY_UIApplicationSupportsIndirectInputEvents = YES;
				INFOPLIST_KEY_UILaunchStoryboardName = LaunchScreen;
				INFOPLIST_KEY_UIMainStoryboardFile = "";
				INFOPLIST_KEY_UISupportedInterfaceOrientations = UIInterfaceOrientationPortrait;
				INFOPLIST_KEY_UISupportedInterfaceOrientations_iPad = "UIInterfaceOrientationLandscapeLeft UIInterfaceOrientationLandscapeRight UIInterfaceOrientationPortrait UIInterfaceOrientationPortraitUpsideDown";
				LD_RUNPATH_SEARCH_PATHS = (
					"$(inherited)",
					"@executable_path/Frameworks",
				);
				MARKETING_VERSION = 1.0;
				PRODUCT_BUNDLE_IDENTIFIER = testProj.TestProj;
				PRODUCT_NAME = "$(TARGET_NAME)";
				SWIFT_EMIT_LOC_STRINGS = YES;
				SWIFT_VERSION = 5.0;
				TARGETED_DEVICE_FAMILY = "1,2";
			};
			name = Release;
		};
		0B82DFB92A1AA54500EA386E /* Debug */ = {
			isa = XCBuildConfiguration;
			buildSettings = {
				ALWAYS_EMBED_SWIFT_STANDARD_LIBRARIES = YES;
				BUNDLE_LOADER = "$(TEST_HOST)";
				CODE_SIGN_STYLE = Automatic;
				CURRENT_PROJECT_VERSION = 1;
				GENERATE_INFOPLIST_FILE = YES;
				IPHONEOS_DEPLOYMENT_TARGET = 16.0;
				MARKETING_VERSION = 1.0;
				PRODUCT_BUNDLE_IDENTIFIER = testProj.TestProjTests;
				PRODUCT_NAME = "$(TARGET_NAME)";
				SWIFT_EMIT_LOC_STRINGS = NO;
				SWIFT_VERSION = 5.0;
				TARGETED_DEVICE_FAMILY = "1,2";
				TEST_HOST = "$(BUILT_PRODUCTS_DIR)/TestProj.app/$(BUNDLE_EXECUTABLE_FOLDER_PATH)/TestProj";
			};
			name = Debug;
		};
		0B82DFBA2A1AA54500EA386E /* Release */ = {
			isa = XCBuildConfiguration;
			buildSettings = {
				ALWAYS_EMBED_SWIFT_STANDARD_LIBRARIES = YES;
				BUNDLE_LOADER = "$(TEST_HOST)";
				CODE_SIGN_STYLE = Automatic;
				CURRENT_PROJECT_VERSION = 1;
				GENERATE_INFOPLIST_FILE = YES;
				IPHONEOS_DEPLOYMENT_TARGET = 16.0;
				MARKETING_VERSION = 1.0;
				PRODUCT_BUNDLE_IDENTIFIER = testProj.TestProjTests;
				PRODUCT_NAME = "$(TARGET_NAME)";
				SWIFT_EMIT_LOC_STRINGS = NO;
				SWIFT_VERSION = 5.0;
				TARGETED_DEVICE_FAMILY = "1,2";
				TEST_HOST = "$(BUILT_PRODUCTS_DIR)/TestProj.app/$(BUNDLE_EXECUTABLE_FOLDER_PATH)/TestProj";
			};
			name = Release;
		};
		0B82DFBC2A1AA54500EA386E /* Debug */ = {
			isa = XCBuildConfiguration;
			buildSettings = {
				ALWAYS_EMBED_SWIFT_STANDARD_LIBRARIES = YES;
				CODE_SIGN_STYLE = Automatic;
				CURRENT_PROJECT_VERSION = 1;
				GENERATE_INFOPLIST_FILE = YES;
				MARKETING_VERSION = 1.0;
				PRODUCT_BUNDLE_IDENTIFIER = testProj.TestProjUITests;
				PRODUCT_NAME = "$(TARGET_NAME)";
				SWIFT_EMIT_LOC_STRINGS = NO;
				SWIFT_VERSION = 5.0;
				TARGETED_DEVICE_FAMILY = "1,2";
				TEST_TARGET_NAME = TestProj;
			};
			name = Debug;
		};
		0B82DFBD2A1AA54500EA386E /* Release */ = {
			isa = XCBuildConfiguration;
			buildSettings = {
				ALWAYS_EMBED_SWIFT_STANDARD_LIBRARIES = YES;
				CODE_SIGN_STYLE = Automatic;
				CURRENT_PROJECT_VERSION = 1;
				GENERATE_INFOPLIST_FILE = YES;
				MARKETING_VERSION = 1.0;
				PRODUCT_BUNDLE_IDENTIFIER = testProj.TestProjUITests;
				PRODUCT_NAME = "$(TARGET_NAME)";
				SWIFT_EMIT_LOC_STRINGS = NO;
				SWIFT_VERSION = 5.0;
				TARGETED_DEVICE_FAMILY = "1,2";
				TEST_TARGET_NAME = TestProj;
			};
			name = Release;
		};
/* End XCBuildConfiguration section */

/* Begin XCConfigurationList section */
		0B82DF862A1AA54400EA386E /* Build configuration list for PBXProject "TestProj" */ = {
			isa = XCConfigurationList;
			buildConfigurations = (
				0B82DFB32A1AA54500EA386E /* Debug */,
				0B82DFB42A1AA54500EA386E /* Release */,
			);
			defaultConfigurationIsVisible = 0;
			defaultConfigurationName = Release;
		};
		0B82DFB52A1AA54500EA386E /* Build configuration list for PBXNativeTarget "TestProj" */ = {
			isa = XCConfigurationList;
			buildConfigurations = (
				0B82DFB62A1AA54500EA386E /* Debug */,
				0B82DFB72A1AA54500EA386E /* Release */,
			);
			defaultConfigurationIsVisible = 0;
			defaultConfigurationName = Release;
		};
		0B82DFB82A1AA54500EA386E /* Build configuration list for PBXNativeTarget "TestProjTests" */ = {
			isa = XCConfigurationList;
			buildConfigurations = (
				0B82DFB92A1AA54500EA386E /* Debug */,
				0B82DFBA2A1AA54500EA386E /* Release */,
			);
			defaultConfigurationIsVisible = 0;
			defaultConfigurationName = Release;
		};
		0B82DFBB2A1AA54500EA386E /* Build configuration list for PBXNativeTarget "TestProjUITests" */ = {
			isa = XCConfigurationList;
			buildConfigurations = (
				0B82DFBC2A1AA54500EA386E /* Debug */,
				0B82DFBD2A1AA54500EA386E /* Release */,
			);
			defaultConfigurationIsVisible = 0;
			defaultConfigurationName = Release;
		};
/* End XCConfigurationList section */
	};
	rootObject = 0B82DF832A1AA54400EA386E /* Project object */;
}
